
Microsoft Visual Studio Solution File, Format Version 12.00
# Visual Studio Version 16
VisualStudioVersion = 16.0.32002.261
MinimumVisualStudioVersion = 10.0.40219.1
Project("{FAE04EC0-301F-11D3-BF4B-00C04F79EFBC}") = "PerkinElmerSP2CSV", "PerkinElmerSP2CSV\PerkinElmerSP2CSV.csproj", "{996106C6-F589-4EDD-A232-9CE816F65AD5}"
EndProject
Global
	GlobalSection(SolutionConfigurationPlatforms) = preSolution
		Debug|Any CPU = Debug|Any CPU
		Release|Any CPU = Release|Any CPU
	EndGlobalSection
	GlobalSection(ProjectConfigurationPlatforms) = postSolution
		{996106C6-F589-4EDD-A232-9CE816F65AD5}.Debug|Any CPU.ActiveCfg = Debug|Any CPU
		{996106C6-F589-4EDD-A232-9CE816F65AD5}.Debug|Any CPU.Build.0 = Debug|Any CPU
		{996106C6-F589-4EDD-A232-9CE816F65AD5}.Release|Any CPU.ActiveCfg = Release|Any CPU
		{996106C6-F589-4EDD-A232-9CE816F65AD5}.Release|Any CPU.Build.0 = Release|Any CPU
	EndGlobalSection
	GlobalSection(SolutionProperties) = preSolution
		HideSolutionNode = FALSE
	EndGlobalSection
	GlobalSection(ExtensibilityGlobals) = postSolution
		SolutionGuid = {8F8492B5-1D4D-45AB-93FF-06F2EE159B98}
	EndGlobalSection
EndGlobal
